schema: '2.0'
stages:
  attention_model:
    cmd: python attention_main.py 2
    outs:
    - path: metrics/f1_score_attention.json
      md5: 2282b455a7c57e0070c6348d3c359897
      size: 310
    - path: metrics/metrics_attention.json
      md5: 27624e6e8e398ea1826b5faf4e891e2e
      size: 79
    - path: metrics/precision_attention.json
      md5: ebaf6c3e877d738ff2addc2beaa86c4f
      size: 301
    - path: metrics/recall_attention.json
      md5: f95e0a237ec36bb85261e1dac76313dd
      size: 308
    - path: trained_models/attention_model/best.pt
      md5: cc226ba381a6228ed4ebf397ab8f72c3
      size: 90717
  conv_model:
    cmd: python conv_main.py 2
    outs:
    - path: metrics/f1_score_conv.json
      md5: 3f2bb72bb73b54f58f5b6efcf907e460
      size: 308
    - path: metrics/metrics_conv.json
      md5: caedfc272e359a3c96295fb002a7a88b
      size: 80
    - path: metrics/precision_conv.json
      md5: 46ea43c56edc26f2fe8e105ccfd1b0e0
      size: 308
    - path: metrics/recall_conv.json
      md5: 2df7304c4e75fd2a49d88b8adfc66cf4
      size: 310
    - path: trained_models/conv_model/best.pt
      md5: ad6a2cbca31d043293d17696240a4d5d
      size: 72193
