schema: '2.0'
stages:
  attention_model:
    cmd: python attention_main.py
    outs:
    - path: f1_score_attention.json
      md5: 2db1b6668927486cd0343979da4ceb2e
      size: 310
    - path: metrics_attention.json
      md5: ede60fdbd5686bc8269e3b891dd4e2ac
      size: 80
    - path: precision_attention.json
      md5: ba21af88498bc0a4c8c1c0b54b8f47df
      size: 310
    - path: recall_attention.json
      md5: 1368fd92300cc2fd26cee13c411eafb8
      size: 310
    - path: trained_models/attention_model/best.pt
      md5: 17aa1aca1b4e7ca98dbf9c2d00ca5784
      size: 90717
  conv_model:
    cmd: python conv_main.py
    outs:
    - path: f1_score_conv.json
      md5: a206f2dc708b43833ca2f191610d1000
      size: 285
    - path: metrics_conv.json
      md5: 917bf10ed0704c6cfdbcb3a16eb3e0cd
      size: 79
    - path: precision_conv.json
      md5: 463719a13fcbeb1c236e33694a6e0448
      size: 282
    - path: recall_conv.json
      md5: cd26164203d2592b20c663fd676f9cef
      size: 285
    - path: trained_models/conv_model/best.pt
      md5: 0a96fc3a9a620e054cb7fca04e023d09
      size: 72193
